
Microsoft Visual Studio Solution File, Format Version 12.00
# Visual Studio Version 17
VisualStudioVersion = 17.9.34622.214
MinimumVisualStudioVersion = 10.0.40219.1
Project("{FAE04EC0-301F-11D3-BF4B-00C04F79EFBC}") = "chat.tcp", "chat.tcp\chat.tcp.csproj", "{77186CF8-0445-43F6-B066-A106FCEBD237}"
EndProject
Global
	GlobalSection(SolutionConfigurationPlatforms) = preSolution
		Debug|Any CPU = Debug|Any CPU
		Release|Any CPU = Release|Any CPU
	EndGlobalSection
	GlobalSection(ProjectConfigurationPlatforms) = postSolution
		{77186CF8-0445-43F6-B066-A106FCEBD237}.Debug|Any CPU.ActiveCfg = Debug|Any CPU
		{77186CF8-0445-43F6-B066-A106FCEBD237}.Debug|Any CPU.Build.0 = Debug|Any CPU
		{77186CF8-0445-43F6-B066-A106FCEBD237}.Release|Any CPU.ActiveCfg = Release|Any CPU
		{77186CF8-0445-43F6-B066-A106FCEBD237}.Release|Any CPU.Build.0 = Release|Any CPU
	EndGlobalSection
	GlobalSection(SolutionProperties) = preSolution
		HideSolutionNode = FALSE
	EndGlobalSection
	GlobalSection(ExtensibilityGlobals) = postSolution
		SolutionGuid = {8D8C6DE1-E6D4-4E29-BB07-8FC5B9DEB067}
	EndGlobalSection
EndGlobal
